
Microsoft Visual Studio Solution File, Format Version 12.00
# Visual Studio Version 17
VisualStudioVersion = 17.3.32929.385
MinimumVisualStudioVersion = 10.0.40219.1
Project("{FAE04EC0-301F-11D3-BF4B-00C04F79EFBC}") = "MyCalcLib", "MyCalcLib\MyCalcLib.csproj", "{ACD4F09D-7482-48D0-BB14-9462CAA2ABDD}"
EndProject
Project("{FAE04EC0-301F-11D3-BF4B-00C04F79EFBC}") = "MyCalcLibTests", "MyCalcLibTests\MyCalcLibTests.csproj", "{90ABF1CE-FBBC-4F77-8304-462606260724}"
EndProject
Global
	GlobalSection(SolutionConfigurationPlatforms) = preSolution
		Debug|Any CPU = Debug|Any CPU
		Release|Any CPU = Release|Any CPU
	EndGlobalSection
	GlobalSection(ProjectConfigurationPlatforms) = postSolution
		{ACD4F09D-7482-48D0-BB14-9462CAA2ABDD}.Debug|Any CPU.ActiveCfg = Debug|Any CPU
		{ACD4F09D-7482-48D0-BB14-9462CAA2ABDD}.Debug|Any CPU.Build.0 = Debug|Any CPU
		{ACD4F09D-7482-48D0-BB14-9462CAA2ABDD}.Release|Any CPU.ActiveCfg = Release|Any CPU
		{ACD4F09D-7482-48D0-BB14-9462CAA2ABDD}.Release|Any CPU.Build.0 = Release|Any CPU
		{90ABF1CE-FBBC-4F77-8304-462606260724}.Debug|Any CPU.ActiveCfg = Debug|Any CPU
		{90ABF1CE-FBBC-4F77-8304-462606260724}.Debug|Any CPU.Build.0 = Debug|Any CPU
		{90ABF1CE-FBBC-4F77-8304-462606260724}.Release|Any CPU.ActiveCfg = Release|Any CPU
		{90ABF1CE-FBBC-4F77-8304-462606260724}.Release|Any CPU.Build.0 = Release|Any CPU
	EndGlobalSection
	GlobalSection(SolutionProperties) = preSolution
		HideSolutionNode = FALSE
	EndGlobalSection
	GlobalSection(ExtensibilityGlobals) = postSolution
		SolutionGuid = {202A4EBE-8AAA-4DF7-812C-7DB4EC29E67A}
	EndGlobalSection
EndGlobal
